
Microsoft Visual Studio Solution File, Format Version 12.00
# Visual Studio 15
VisualStudioVersion = 15.0.27703.2018
MinimumVisualStudioVersion = 10.0.40219.1
Project("{FAE04EC0-301F-11D3-BF4B-00C04F79EFBC}") = "Immanuel.WhatsUp.Web", "Immanuel.WhatsUp.Web\Immanuel.WhatsUp.Web.csproj", "{A34CB1C3-5352-4FC0-B761-E94B01D4C437}"
EndProject
Global
	GlobalSection(SolutionConfigurationPlatforms) = preSolution
		Debug|Any CPU = Debug|Any CPU
		Release|Any CPU = Release|Any CPU
	EndGlobalSection
	GlobalSection(ProjectConfigurationPlatforms) = postSolution
		{A34CB1C3-5352-4FC0-B761-E94B01D4C437}.Debug|Any CPU.ActiveCfg = Debug|Any CPU
		{A34CB1C3-5352-4FC0-B761-E94B01D4C437}.Debug|Any CPU.Build.0 = Debug|Any CPU
		{A34CB1C3-5352-4FC0-B761-E94B01D4C437}.Release|Any CPU.ActiveCfg = Release|Any CPU
		{A34CB1C3-5352-4FC0-B761-E94B01D4C437}.Release|Any CPU.Build.0 = Release|Any CPU
	EndGlobalSection
	GlobalSection(SolutionProperties) = preSolution
		HideSolutionNode = FALSE
	EndGlobalSection
	GlobalSection(ExtensibilityGlobals) = postSolution
		SolutionGuid = {FA7FE036-1263-426C-828D-721D06DD397C}
	EndGlobalSection
EndGlobal
